
Microsoft Visual Studio Solution File, Format Version 12.00
# Visual Studio Version 17
VisualStudioVersion = 17.0.31919.166
MinimumVisualStudioVersion = 10.0.40219.1
Project("{9A19103F-16F7-4668-BE54-9A1E7A4F7556}") = "SpiceItUp", "SpiceItUp.csproj", "{B92D9ACC-2C88-498C-BD1A-3B3966151CAE}"
EndProject
Project("{FAE04EC0-301F-11D3-BF4B-00C04F79EFBC}") = "SpiceItUp.Test", "..\SpiceItUp.Test\SpiceItUp.Test.csproj", "{DF69705A-8605-4303-BE0D-EAD7FCD57356}"
EndProject
Global
	GlobalSection(SolutionConfigurationPlatforms) = preSolution
		Debug|Any CPU = Debug|Any CPU
		Release|Any CPU = Release|Any CPU
	EndGlobalSection
	GlobalSection(ProjectConfigurationPlatforms) = postSolution
		{B92D9ACC-2C88-498C-BD1A-3B3966151CAE}.Debug|Any CPU.ActiveCfg = Debug|Any CPU
		{B92D9ACC-2C88-498C-BD1A-3B3966151CAE}.Debug|Any CPU.Build.0 = Debug|Any CPU
		{B92D9ACC-2C88-498C-BD1A-3B3966151CAE}.Release|Any CPU.ActiveCfg = Release|Any CPU
		{B92D9ACC-2C88-498C-BD1A-3B3966151CAE}.Release|Any CPU.Build.0 = Release|Any CPU
		{DF69705A-8605-4303-BE0D-EAD7FCD57356}.Debug|Any CPU.ActiveCfg = Debug|Any CPU
		{DF69705A-8605-4303-BE0D-EAD7FCD57356}.Debug|Any CPU.Build.0 = Debug|Any CPU
		{DF69705A-8605-4303-BE0D-EAD7FCD57356}.Release|Any CPU.ActiveCfg = Release|Any CPU
		{DF69705A-8605-4303-BE0D-EAD7FCD57356}.Release|Any CPU.Build.0 = Release|Any CPU
	EndGlobalSection
	GlobalSection(SolutionProperties) = preSolution
		HideSolutionNode = FALSE
	EndGlobalSection
	GlobalSection(ExtensibilityGlobals) = postSolution
		SolutionGuid = {268044DB-D338-46B1-9B75-3175BF4EC0F1}
	EndGlobalSection
EndGlobal
