
Microsoft Visual Studio Solution File, Format Version 12.00
# Visual Studio Version 17
VisualStudioVersion = 17.0.31919.166
MinimumVisualStudioVersion = 10.0.40219.1
Project("{9A19103F-16F7-4668-BE54-9A1E7A4F7556}") = "SpiceItUp.Api", "SpiceItUp.Api.csproj", "{838A44AB-38BB-4FE5-BABB-CB2D8D625B8F}"
EndProject
Project("{9A19103F-16F7-4668-BE54-9A1E7A4F7556}") = "SpiceItUpDataStorage", "..\SpiceItUp.DataStorage\SpiceItUpDataStorage.csproj", "{19BE80C1-9EC0-4206-9E2C-47100E195760}"
EndProject
Project("{9A19103F-16F7-4668-BE54-9A1E7A4F7556}") = "DataAccess", "..\DataAccess\DataAccess.csproj", "{71E35321-6212-43F9-B310-EE8FBBE6A1C2}"
EndProject
Project("{FAE04EC0-301F-11D3-BF4B-00C04F79EFBC}") = "SpiceItUpAPI.Test", "..\SpiceItUpAPI.Test\SpiceItUpAPI.Test.csproj", "{B0408BA1-35FD-4D62-8606-CEE302597015}"
EndProject
Global
	GlobalSection(SolutionConfigurationPlatforms) = preSolution
		Debug|Any CPU = Debug|Any CPU
		Release|Any CPU = Release|Any CPU
	EndGlobalSection
	GlobalSection(ProjectConfigurationPlatforms) = postSolution
		{838A44AB-38BB-4FE5-BABB-CB2D8D625B8F}.Debug|Any CPU.ActiveCfg = Debug|Any CPU
		{838A44AB-38BB-4FE5-BABB-CB2D8D625B8F}.Debug|Any CPU.Build.0 = Debug|Any CPU
		{838A44AB-38BB-4FE5-BABB-CB2D8D625B8F}.Release|Any CPU.ActiveCfg = Release|Any CPU
		{838A44AB-38BB-4FE5-BABB-CB2D8D625B8F}.Release|Any CPU.Build.0 = Release|Any CPU
		{19BE80C1-9EC0-4206-9E2C-47100E195760}.Debug|Any CPU.ActiveCfg = Debug|Any CPU
		{19BE80C1-9EC0-4206-9E2C-47100E195760}.Debug|Any CPU.Build.0 = Debug|Any CPU
		{19BE80C1-9EC0-4206-9E2C-47100E195760}.Release|Any CPU.ActiveCfg = Release|Any CPU
		{19BE80C1-9EC0-4206-9E2C-47100E195760}.Release|Any CPU.Build.0 = Release|Any CPU
		{71E35321-6212-43F9-B310-EE8FBBE6A1C2}.Debug|Any CPU.ActiveCfg = Debug|Any CPU
		{71E35321-6212-43F9-B310-EE8FBBE6A1C2}.Debug|Any CPU.Build.0 = Debug|Any CPU
		{71E35321-6212-43F9-B310-EE8FBBE6A1C2}.Release|Any CPU.ActiveCfg = Release|Any CPU
		{71E35321-6212-43F9-B310-EE8FBBE6A1C2}.Release|Any CPU.Build.0 = Release|Any CPU
		{B0408BA1-35FD-4D62-8606-CEE302597015}.Debug|Any CPU.ActiveCfg = Debug|Any CPU
		{B0408BA1-35FD-4D62-8606-CEE302597015}.Debug|Any CPU.Build.0 = Debug|Any CPU
		{B0408BA1-35FD-4D62-8606-CEE302597015}.Release|Any CPU.ActiveCfg = Release|Any CPU
		{B0408BA1-35FD-4D62-8606-CEE302597015}.Release|Any CPU.Build.0 = Release|Any CPU
	EndGlobalSection
	GlobalSection(SolutionProperties) = preSolution
		HideSolutionNode = FALSE
	EndGlobalSection
	GlobalSection(ExtensibilityGlobals) = postSolution
		SolutionGuid = {A0BBB096-164C-43C0-B1AF-C500EA433340}
	EndGlobalSection
EndGlobal
